
Microsoft Visual Studio Solution File, Format Version 12.00
# Visual Studio Version 17
VisualStudioVersion = 17.3.32519.111
MinimumVisualStudioVersion = 10.0.40219.1
Project("{9A19103F-16F7-4668-BE54-9A1E7A4F7556}") = "SugarDemo.Application", "SugarDemo.Application\SugarDemo.Application.csproj", "{AB699EE9-43A8-46F2-A855-04A26DE63372}"
EndProject
Project("{9A19103F-16F7-4668-BE54-9A1E7A4F7556}") = "SugarDemo.Web.Core", "SugarDemo.Web.Core\SugarDemo.Web.Core.csproj", "{9D14BB78-DA2A-4040-B9DB-5A515B599181}"
EndProject
Project("{9A19103F-16F7-4668-BE54-9A1E7A4F7556}") = "SugarDemo.Core", "SugarDemo.Core\SugarDemo.Core.csproj", "{4FB30091-15C7-4FD9-AB7D-266814F360F5}"
EndProject
Project("{9A19103F-16F7-4668-BE54-9A1E7A4F7556}") = "SugarDemo.Web.Entry", "SugarDemo.Web.Entry\SugarDemo.Web.Entry.csproj", "{C8D99F52-EDC7-411F-8300-6DB14BF59E8C}"
EndProject
Project("{2150E333-8FDC-42A3-9474-1A3956D46DE8}") = "Service", "Service", "{64F294FD-3BAC-4868-BDB9-17EDD88B8530}"
EndProject
Project("{2150E333-8FDC-42A3-9474-1A3956D46DE8}") = "Client", "Client", "{87DE6347-BAEF-4C9B-8B61-C36376A5C710}"
EndProject
Project("{9A19103F-16F7-4668-BE54-9A1E7A4F7556}") = "MS.Client.Assets", "MS.Client.Assets\MS.Client.Assets.csproj", "{C8D2BBD6-EDDC-4DEC-A532-3E3788FDE153}"
EndProject
Project("{9A19103F-16F7-4668-BE54-9A1E7A4F7556}") = "MS.Client.BasicInfoModule", "MS.Client.BasicInfoModule\MS.Client.BasicInfoModule.csproj", "{E69634A9-9F92-4BB6-83F8-7DFED147D40C}"
EndProject
Project("{9A19103F-16F7-4668-BE54-9A1E7A4F7556}") = "MS.Client.Common", "MS.Client.Common\MS.Client.Common.csproj", "{784EDFEB-56B7-4D20-B688-DB04CD1C4A4D}"
EndProject
Project("{9A19103F-16F7-4668-BE54-9A1E7A4F7556}") = "MS.Client.Controls", "MS.Client.Controls\MS.Client.Controls.csproj", "{02A3AB98-0261-4B00-9703-50C197E8FC09}"
EndProject
Project("{9A19103F-16F7-4668-BE54-9A1E7A4F7556}") = "MS.Client.LogInfoModule", "MS.Client.LogInfoModule\MS.Client.LogInfoModule.csproj", "{18EB482C-CD23-47A4-A731-A586E71F3C95}"
EndProject
Project("{9A19103F-16F7-4668-BE54-9A1E7A4F7556}") = "MS.Client.MainModule", "MS.Client.MainModule\MS.Client.MainModule.csproj", "{71261B92-BC83-4B5F-80F8-2FE6A546CB8C}"
EndProject
Project("{9A19103F-16F7-4668-BE54-9A1E7A4F7556}") = "MS.Client.Service", "MS.Client.Service\MS.Client.Service.csproj", "{A77D82D3-7C3B-406A-832B-8636D93ACFE6}"
EndProject
Project("{9A19103F-16F7-4668-BE54-9A1E7A4F7556}") = "MS.Client.Start", "MS.Client.Start\MS.Client.Start.csproj", "{AD7510DD-DE08-4294-8656-CC8D36C3674D}"
EndProject
Project("{9A19103F-16F7-4668-BE54-9A1E7A4F7556}") = "MS.Client.SysInfoModule", "MS.Client.SysInfoModule\MS.Client.SysInfoModule.csproj", "{6D0E1C41-436D-4303-B6E7-DBB09148D31E}"
EndProject
Project("{9A19103F-16F7-4668-BE54-9A1E7A4F7556}") = "MySqlSugar.Shared", "MySqlSugar.Shared\MySqlSugar.Shared.csproj", "{9471F133-9812-45AE-81D4-8106A5F6FEBB}"
EndProject
Project("{2150E333-8FDC-42A3-9474-1A3956D46DE8}") = "1.Start", "1.Start", "{377C4854-B99C-45FF-9C0D-0A78B0E5B148}"
EndProject
Project("{2150E333-8FDC-42A3-9474-1A3956D46DE8}") = "2.Modules", "2.Modules", "{99E3AEE8-6F36-445D-B2A4-4C5764242764}"
EndProject
Project("{2150E333-8FDC-42A3-9474-1A3956D46DE8}") = "3.Service", "3.Service", "{0C87FC5B-6B8A-4917-9D50-4CBFE0FEDC31}"
EndProject
Project("{2150E333-8FDC-42A3-9474-1A3956D46DE8}") = "4.DAL", "4.DAL", "{6277BD81-BE46-42C2-8222-84A62C8F475E}"
EndProject
Project("{2150E333-8FDC-42A3-9474-1A3956D46DE8}") = "9.Common", "9.Common", "{67EACAFE-5920-44E0-8E07-5EDA0472287D}"
EndProject
Global
	GlobalSection(SolutionConfigurationPlatforms) = preSolution
		Debug|Any CPU = Debug|Any CPU
		Release|Any CPU = Release|Any CPU
	EndGlobalSection
	GlobalSection(ProjectConfigurationPlatforms) = postSolution
		{AB699EE9-43A8-46F2-A855-04A26DE63372}.Debug|Any CPU.ActiveCfg = Debug|Any CPU
		{AB699EE9-43A8-46F2-A855-04A26DE63372}.Debug|Any CPU.Build.0 = Debug|Any CPU
		{AB699EE9-43A8-46F2-A855-04A26DE63372}.Release|Any CPU.ActiveCfg = Release|Any CPU
		{AB699EE9-43A8-46F2-A855-04A26DE63372}.Release|Any CPU.Build.0 = Release|Any CPU
		{9D14BB78-DA2A-4040-B9DB-5A515B599181}.Debug|Any CPU.ActiveCfg = Debug|Any CPU
		{9D14BB78-DA2A-4040-B9DB-5A515B599181}.Debug|Any CPU.Build.0 = Debug|Any CPU
		{9D14BB78-DA2A-4040-B9DB-5A515B599181}.Release|Any CPU.ActiveCfg = Release|Any CPU
		{9D14BB78-DA2A-4040-B9DB-5A515B599181}.Release|Any CPU.Build.0 = Release|Any CPU
		{4FB30091-15C7-4FD9-AB7D-266814F360F5}.Debug|Any CPU.ActiveCfg = Debug|Any CPU
		{4FB30091-15C7-4FD9-AB7D-266814F360F5}.Debug|Any CPU.Build.0 = Debug|Any CPU
		{4FB30091-15C7-4FD9-AB7D-266814F360F5}.Release|Any CPU.ActiveCfg = Release|Any CPU
		{4FB30091-15C7-4FD9-AB7D-266814F360F5}.Release|Any CPU.Build.0 = Release|Any CPU
		{C8D99F52-EDC7-411F-8300-6DB14BF59E8C}.Debug|Any CPU.ActiveCfg = Debug|Any CPU
		{C8D99F52-EDC7-411F-8300-6DB14BF59E8C}.Debug|Any CPU.Build.0 = Debug|Any CPU
		{C8D99F52-EDC7-411F-8300-6DB14BF59E8C}.Release|Any CPU.ActiveCfg = Release|Any CPU
		{C8D99F52-EDC7-411F-8300-6DB14BF59E8C}.Release|Any CPU.Build.0 = Release|Any CPU
		{C8D2BBD6-EDDC-4DEC-A532-3E3788FDE153}.Debug|Any CPU.ActiveCfg = Debug|Any CPU
		{C8D2BBD6-EDDC-4DEC-A532-3E3788FDE153}.Debug|Any CPU.Build.0 = Debug|Any CPU
		{C8D2BBD6-EDDC-4DEC-A532-3E3788FDE153}.Release|Any CPU.ActiveCfg = Release|Any CPU
		{C8D2BBD6-EDDC-4DEC-A532-3E3788FDE153}.Release|Any CPU.Build.0 = Release|Any CPU
		{E69634A9-9F92-4BB6-83F8-7DFED147D40C}.Debug|Any CPU.ActiveCfg = Debug|Any CPU
		{E69634A9-9F92-4BB6-83F8-7DFED147D40C}.Debug|Any CPU.Build.0 = Debug|Any CPU
		{E69634A9-9F92-4BB6-83F8-7DFED147D40C}.Release|Any CPU.ActiveCfg = Release|Any CPU
		{E69634A9-9F92-4BB6-83F8-7DFED147D40C}.Release|Any CPU.Build.0 = Release|Any CPU
		{784EDFEB-56B7-4D20-B688-DB04CD1C4A4D}.Debug|Any CPU.ActiveCfg = Debug|Any CPU
		{784EDFEB-56B7-4D20-B688-DB04CD1C4A4D}.Debug|Any CPU.Build.0 = Debug|Any CPU
		{784EDFEB-56B7-4D20-B688-DB04CD1C4A4D}.Release|Any CPU.ActiveCfg = Release|Any CPU
		{784EDFEB-56B7-4D20-B688-DB04CD1C4A4D}.Release|Any CPU.Build.0 = Release|Any CPU
		{02A3AB98-0261-4B00-9703-50C197E8FC09}.Debug|Any CPU.ActiveCfg = Debug|Any CPU
		{02A3AB98-0261-4B00-9703-50C197E8FC09}.Debug|Any CPU.Build.0 = Debug|Any CPU
		{02A3AB98-0261-4B00-9703-50C197E8FC09}.Release|Any CPU.ActiveCfg = Release|Any CPU
		{02A3AB98-0261-4B00-9703-50C197E8FC09}.Release|Any CPU.Build.0 = Release|Any CPU
		{18EB482C-CD23-47A4-A731-A586E71F3C95}.Debug|Any CPU.ActiveCfg = Debug|Any CPU
		{18EB482C-CD23-47A4-A731-A586E71F3C95}.Debug|Any CPU.Build.0 = Debug|Any CPU
		{18EB482C-CD23-47A4-A731-A586E71F3C95}.Release|Any CPU.ActiveCfg = Release|Any CPU
		{18EB482C-CD23-47A4-A731-A586E71F3C95}.Release|Any CPU.Build.0 = Release|Any CPU
		{71261B92-BC83-4B5F-80F8-2FE6A546CB8C}.Debug|Any CPU.ActiveCfg = Debug|Any CPU
		{71261B92-BC83-4B5F-80F8-2FE6A546CB8C}.Debug|Any CPU.Build.0 = Debug|Any CPU
		{71261B92-BC83-4B5F-80F8-2FE6A546CB8C}.Release|Any CPU.ActiveCfg = Release|Any CPU
		{71261B92-BC83-4B5F-80F8-2FE6A546CB8C}.Release|Any CPU.Build.0 = Release|Any CPU
		{A77D82D3-7C3B-406A-832B-8636D93ACFE6}.Debug|Any CPU.ActiveCfg = Debug|Any CPU
		{A77D82D3-7C3B-406A-832B-8636D93ACFE6}.Debug|Any CPU.Build.0 = Debug|Any CPU
		{A77D82D3-7C3B-406A-832B-8636D93ACFE6}.Release|Any CPU.ActiveCfg = Release|Any CPU
		{A77D82D3-7C3B-406A-832B-8636D93ACFE6}.Release|Any CPU.Build.0 = Release|Any CPU
		{AD7510DD-DE08-4294-8656-CC8D36C3674D}.Debug|Any CPU.ActiveCfg = Debug|Any CPU
		{AD7510DD-DE08-4294-8656-CC8D36C3674D}.Debug|Any CPU.Build.0 = Debug|Any CPU
		{AD7510DD-DE08-4294-8656-CC8D36C3674D}.Release|Any CPU.ActiveCfg = Release|Any CPU
		{AD7510DD-DE08-4294-8656-CC8D36C3674D}.Release|Any CPU.Build.0 = Release|Any CPU
		{6D0E1C41-436D-4303-B6E7-DBB09148D31E}.Debug|Any CPU.ActiveCfg = Debug|Any CPU
		{6D0E1C41-436D-4303-B6E7-DBB09148D31E}.Debug|Any CPU.Build.0 = Debug|Any CPU
		{6D0E1C41-436D-4303-B6E7-DBB09148D31E}.Release|Any CPU.ActiveCfg = Release|Any CPU
		{6D0E1C41-436D-4303-B6E7-DBB09148D31E}.Release|Any CPU.Build.0 = Release|Any CPU
		{9471F133-9812-45AE-81D4-8106A5F6FEBB}.Debug|Any CPU.ActiveCfg = Debug|Any CPU
		{9471F133-9812-45AE-81D4-8106A5F6FEBB}.Debug|Any CPU.Build.0 = Debug|Any CPU
		{9471F133-9812-45AE-81D4-8106A5F6FEBB}.Release|Any CPU.ActiveCfg = Release|Any CPU
		{9471F133-9812-45AE-81D4-8106A5F6FEBB}.Release|Any CPU.Build.0 = Release|Any CPU
	EndGlobalSection
	GlobalSection(SolutionProperties) = preSolution
		HideSolutionNode = FALSE
	EndGlobalSection
	GlobalSection(NestedProjects) = preSolution
		{AB699EE9-43A8-46F2-A855-04A26DE63372} = {64F294FD-3BAC-4868-BDB9-17EDD88B8530}
		{9D14BB78-DA2A-4040-B9DB-5A515B599181} = {64F294FD-3BAC-4868-BDB9-17EDD88B8530}
		{4FB30091-15C7-4FD9-AB7D-266814F360F5} = {64F294FD-3BAC-4868-BDB9-17EDD88B8530}
		{C8D99F52-EDC7-411F-8300-6DB14BF59E8C} = {64F294FD-3BAC-4868-BDB9-17EDD88B8530}
		{C8D2BBD6-EDDC-4DEC-A532-3E3788FDE153} = {67EACAFE-5920-44E0-8E07-5EDA0472287D}
		{E69634A9-9F92-4BB6-83F8-7DFED147D40C} = {99E3AEE8-6F36-445D-B2A4-4C5764242764}
		{784EDFEB-56B7-4D20-B688-DB04CD1C4A4D} = {67EACAFE-5920-44E0-8E07-5EDA0472287D}
		{02A3AB98-0261-4B00-9703-50C197E8FC09} = {67EACAFE-5920-44E0-8E07-5EDA0472287D}
		{18EB482C-CD23-47A4-A731-A586E71F3C95} = {99E3AEE8-6F36-445D-B2A4-4C5764242764}
		{71261B92-BC83-4B5F-80F8-2FE6A546CB8C} = {99E3AEE8-6F36-445D-B2A4-4C5764242764}
		{A77D82D3-7C3B-406A-832B-8636D93ACFE6} = {0C87FC5B-6B8A-4917-9D50-4CBFE0FEDC31}
		{AD7510DD-DE08-4294-8656-CC8D36C3674D} = {377C4854-B99C-45FF-9C0D-0A78B0E5B148}
		{6D0E1C41-436D-4303-B6E7-DBB09148D31E} = {99E3AEE8-6F36-445D-B2A4-4C5764242764}
		{9471F133-9812-45AE-81D4-8106A5F6FEBB} = {67EACAFE-5920-44E0-8E07-5EDA0472287D}
		{377C4854-B99C-45FF-9C0D-0A78B0E5B148} = {87DE6347-BAEF-4C9B-8B61-C36376A5C710}
		{99E3AEE8-6F36-445D-B2A4-4C5764242764} = {87DE6347-BAEF-4C9B-8B61-C36376A5C710}
		{0C87FC5B-6B8A-4917-9D50-4CBFE0FEDC31} = {87DE6347-BAEF-4C9B-8B61-C36376A5C710}
		{6277BD81-BE46-42C2-8222-84A62C8F475E} = {87DE6347-BAEF-4C9B-8B61-C36376A5C710}
		{67EACAFE-5920-44E0-8E07-5EDA0472287D} = {87DE6347-BAEF-4C9B-8B61-C36376A5C710}
	EndGlobalSection
	GlobalSection(ExtensibilityGlobals) = postSolution
		SolutionGuid = {B2073C2C-0FD3-452B-8047-8134D68E12CE}
	EndGlobalSection
EndGlobal
